// !$*UTF8*$!
{
	archiveVersion = 1;
	classes = {
	};
	objectVersion = 55;
	objects = {

/* Begin PBXBuildFile section */
		27954BAD80AD26BED5C1E09D /* Pods_MovieApp_MovieAppUITests.framework in Frameworks */ = {isa = PBXBuildFile; fileRef = ACF1322C27A69A23BF338E7A /* Pods_MovieApp_MovieAppUITests.framework */; };
		4E024FBE0490342A3102759D /* Pods_MovieAppTests.framework in Frameworks */ = {isa = PBXBuildFile; fileRef = 3C62ECF6A4A41527C26BF181 /* Pods_MovieAppTests.framework */; };
		70271EC91701080E139C379A /* Pods_MovieApp.framework in Frameworks */ = {isa = PBXBuildFile; fileRef = 9FB58FC3271D9CB0E4D64C96 /* Pods_MovieApp.framework */; };
		C02C8732281083FD006EDDF0 /* CustomTableViewCell.swift in Sources */ = {isa = PBXBuildFile; fileRef = C02C8730281083FD006EDDF0 /* CustomTableViewCell.swift */; };
		C02C8733281083FD006EDDF0 /* CustomTableViewCell.xib in Resources */ = {isa = PBXBuildFile; fileRef = C02C8731281083FD006EDDF0 /* CustomTableViewCell.xib */; };
		C05B982A280D87AE0023FE35 /* Extensions.swift in Sources */ = {isa = PBXBuildFile; fileRef = C05B9829280D87AE0023FE35 /* Extensions.swift */; };
		C05E6EE5280E034C0074B72A /* MovieManagerTest.swift in Sources */ = {isa = PBXBuildFile; fileRef = C05E6EE2280DE9480074B72A /* MovieManagerTest.swift */; };
		C05E6EE7280EEE220074B72A /* MenuListController.swift in Sources */ = {isa = PBXBuildFile; fileRef = C05E6EE6280EEE220074B72A /* MenuListController.swift */; };
		C05E6EEA280F00A00074B72A /* TVShowsViewController.swift in Sources */ = {isa = PBXBuildFile; fileRef = C05E6EE8280F00A00074B72A /* TVShowsViewController.swift */; };
		C05E6EEE280F00B40074B72A /* FavoritesViewController.swift in Sources */ = {isa = PBXBuildFile; fileRef = C05E6EEC280F00B40074B72A /* FavoritesViewController.swift */; };
		C0602CE52811F0FB00D924F6 /* CustomToast.swift in Sources */ = {isa = PBXBuildFile; fileRef = C0602CE42811F0FB00D924F6 /* CustomToast.swift */; };
		C06E5D9F28088FD2005C713E /* CustomCollectionViewCell.swift in Sources */ = {isa = PBXBuildFile; fileRef = C06E5D9D28088FD2005C713E /* CustomCollectionViewCell.swift */; };
		C06E5DA028088FD2005C713E /* CustomCollectionViewCell.xib in Resources */ = {isa = PBXBuildFile; fileRef = C06E5D9E28088FD2005C713E /* CustomCollectionViewCell.xib */; };
		C06E5DA228089B74005C713E /* MovieManager.swift in Sources */ = {isa = PBXBuildFile; fileRef = C06E5DA128089B74005C713E /* MovieManager.swift */; };
		C0871C4A2805CF4E00D29103 /* AppDelegate.swift in Sources */ = {isa = PBXBuildFile; fileRef = C0871C492805CF4E00D29103 /* AppDelegate.swift */; };
		C0871C4C2805CF4E00D29103 /* SceneDelegate.swift in Sources */ = {isa = PBXBuildFile; fileRef = C0871C4B2805CF4E00D29103 /* SceneDelegate.swift */; };
		C0871C4E2805CF4E00D29103 /* ViewController.swift in Sources */ = {isa = PBXBuildFile; fileRef = C0871C4D2805CF4E00D29103 /* ViewController.swift */; };
		C0871C512805CF4E00D29103 /* Main.storyboard in Resources */ = {isa = PBXBuildFile; fileRef = C0871C4F2805CF4E00D29103 /* Main.storyboard */; };
		C0871C532805CF5500D29103 /* Assets.xcassets in Resources */ = {isa = PBXBuildFile; fileRef = C0871C522805CF5500D29103 /* Assets.xcassets */; };
		C0871C562805CF5500D29103 /* LaunchScreen.storyboard in Resources */ = {isa = PBXBuildFile; fileRef = C0871C542805CF5500D29103 /* LaunchScreen.storyboard */; };
		C0871C6B2805CF5600D29103 /* MovieAppUITests.swift in Sources */ = {isa = PBXBuildFile; fileRef = C0871C6A2805CF5600D29103 /* MovieAppUITests.swift */; };
		C0871C6D2805CF5600D29103 /* MovieAppUITestsLaunchTests.swift in Sources */ = {isa = PBXBuildFile; fileRef = C0871C6C2805CF5600D29103 /* MovieAppUITestsLaunchTests.swift */; };
		C102C09E280726DD0025AEAE /* Protocols.swift in Sources */ = {isa = PBXBuildFile; fileRef = C102C09D280726DD0025AEAE /* Protocols.swift */; };
		C102C0A0280728D10025AEAE /* Movie.swift in Sources */ = {isa = PBXBuildFile; fileRef = C102C09F280728D10025AEAE /* Movie.swift */; };
		C102C0A428074E820025AEAE /* Enums.swift in Sources */ = {isa = PBXBuildFile; fileRef = C102C0A328074E820025AEAE /* Enums.swift */; };
		C15B4DAC280A1FFE003F7161 /* SearchResultsViewController.swift in Sources */ = {isa = PBXBuildFile; fileRef = C15B4DAA280A1FFE003F7161 /* SearchResultsViewController.swift */; };
		C15B4DAD280A1FFE003F7161 /* SearchResultsViewController.xib in Resources */ = {isa = PBXBuildFile; fileRef = C15B4DAB280A1FFE003F7161 /* SearchResultsViewController.xib */; };
		C1781C502808587000D060C3 /* Crew.swift in Sources */ = {isa = PBXBuildFile; fileRef = C1781C4F2808587000D060C3 /* Crew.swift */; };
		C1781C5228085E9800D060C3 /* MovieDetailsManager.swift in Sources */ = {isa = PBXBuildFile; fileRef = C1781C5128085E9800D060C3 /* MovieDetailsManager.swift */; };
		C1781C55280862BE00D060C3 /* DetailsViewController.swift in Sources */ = {isa = PBXBuildFile; fileRef = C1781C53280862BE00D060C3 /* DetailsViewController.swift */; };
		C1781C56280862BE00D060C3 /* DetailsViewController.xib in Resources */ = {isa = PBXBuildFile; fileRef = C1781C54280862BE00D060C3 /* DetailsViewController.xib */; };
		C1781C592808876200D060C3 /* MovieTest.swift in Sources */ = {isa = PBXBuildFile; fileRef = C1781C582808876200D060C3 /* MovieTest.swift */; };
		C1781C5B2808972E00D060C3 /* MovieDetailsManagerTest.swift in Sources */ = {isa = PBXBuildFile; fileRef = C1781C5A2808972E00D060C3 /* MovieDetailsManagerTest.swift */; };
		C1B9DEBB280EF31E0038C4D7 /* SearchResultsManagerTest.swift in Sources */ = {isa = PBXBuildFile; fileRef = C1B9DEBA280EF31E0038C4D7 /* SearchResultsManagerTest.swift */; };
		C1DEF7E12809CDAA0002FCA4 /* Constants.swift in Sources */ = {isa = PBXBuildFile; fileRef = C1DEF7E02809CDAA0002FCA4 /* Constants.swift */; };
		C1E48120280E17EB009A625F /* SearchResultsManager.swift in Sources */ = {isa = PBXBuildFile; fileRef = C1E4811F280E17EB009A625F /* SearchResultsManager.swift */; };
		D404208D2819BFC800CCEA7B /* BaseAPIService.swift in Sources */ = {isa = PBXBuildFile; fileRef = D404208C2819BFC800CCEA7B /* BaseAPIService.swift */; };
		D404208F2819C56E00CCEA7B /* MovieRepository.swift in Sources */ = {isa = PBXBuildFile; fileRef = D404208E2819C56E00CCEA7B /* MovieRepository.swift */; };
		D40420922819EA7000CCEA7B /* MovieResponseRepository.swift in Sources */ = {isa = PBXBuildFile; fileRef = D40420912819EA7000CCEA7B /* MovieResponseRepository.swift */; };
		D40F0BC5281C18BF00D69C53 /* TVShow.swift in Sources */ = {isa = PBXBuildFile; fileRef = D40F0BC4281C18BF00D69C53 /* TVShow.swift */; };
		D40F0BC7281C1D7F00D69C53 /* MovieDetailsViewController.swift in Sources */ = {isa = PBXBuildFile; fileRef = D40F0BC6281C1D7F00D69C53 /* MovieDetailsViewController.swift */; };
		D40F0BC9281C1F2800D69C53 /* TVShowDetailsViewController.swift in Sources */ = {isa = PBXBuildFile; fileRef = D40F0BC8281C1F2800D69C53 /* TVShowDetailsViewController.swift */; };
		D40F0BCC281C2E2800D69C53 /* TVShowManager.swift in Sources */ = {isa = PBXBuildFile; fileRef = D40F0BCB281C2E2800D69C53 /* TVShowManager.swift */; };
		D40F0BCE281C2F1400D69C53 /* TVShowRepository.swift in Sources */ = {isa = PBXBuildFile; fileRef = D40F0BCD281C2F1400D69C53 /* TVShowRepository.swift */; };
		D40F0BD1281C3D6F00D69C53 /* TVShowRealm.swift in Sources */ = {isa = PBXBuildFile; fileRef = D40F0BD0281C3D6F00D69C53 /* TVShowRealm.swift */; };
		D46F4F902810529D003848CC /* MovieRealm.swift in Sources */ = {isa = PBXBuildFile; fileRef = D46F4F8F2810529D003848CC /* MovieRealm.swift */; };
		D46F4F9228105642003848CC /* RealmService.swift in Sources */ = {isa = PBXBuildFile; fileRef = D46F4F9128105642003848CC /* RealmService.swift */; };
		D46F4F9428106B73003848CC /* StorageManager.swift in Sources */ = {isa = PBXBuildFile; fileRef = D46F4F9328106B73003848CC /* StorageManager.swift */; };
		D46F4F9628106CE3003848CC /* RealmManager.swift in Sources */ = {isa = PBXBuildFile; fileRef = D46F4F9528106CE3003848CC /* RealmManager.swift */; };
		D46F4F982810B33A003848CC /* MockRealmService.swift in Sources */ = {isa = PBXBuildFile; fileRef = D46F4F972810B33A003848CC /* MockRealmService.swift */; };
		D46F4F9A2810B614003848CC /* RealmManagerTest.swift in Sources */ = {isa = PBXBuildFile; fileRef = D46F4F992810B614003848CC /* RealmManagerTest.swift */; };
		D46F4F9C2810B737003848CC /* StorageManagerTest.swift in Sources */ = {isa = PBXBuildFile; fileRef = D46F4F9B2810B737003848CC /* StorageManagerTest.swift */; };
		D495AE472811B126006A5238 /* FavoritesManager.swift in Sources */ = {isa = PBXBuildFile; fileRef = D495AE462811B126006A5238 /* FavoritesManager.swift */; };
		D495AE49281206C7006A5238 /* FavoritesManagerTest.swift in Sources */ = {isa = PBXBuildFile; fileRef = D495AE48281206C7006A5238 /* FavoritesManagerTest.swift */; };
		D4BBC2032816E659006BFA53 /* SeeAllViewController.swift in Sources */ = {isa = PBXBuildFile; fileRef = D4BBC2022816E659006BFA53 /* SeeAllViewController.swift */; };
		D4BBC2052816E672006BFA53 /* SearchForViewController.swift in Sources */ = {isa = PBXBuildFile; fileRef = D4BBC2042816E672006BFA53 /* SearchForViewController.swift */; };
		D4BBC2072816FCA2006BFA53 /* Video.swift in Sources */ = {isa = PBXBuildFile; fileRef = D4BBC2062816FCA2006BFA53 /* Video.swift */; };
		D4C0911628186D3600356315 /* CastRealm.swift in Sources */ = {isa = PBXBuildFile; fileRef = D4C0911528186D3600356315 /* CastRealm.swift */; };
		D4DCC45528183F2900D0429D /* Cast.swift in Sources */ = {isa = PBXBuildFile; fileRef = D4DCC45428183F2900D0429D /* Cast.swift */; };
		D4E980F1281ACA43006F684C /* MockBaseAPIService.swift in Sources */ = {isa = PBXBuildFile; fileRef = D4E980F0281ACA43006F684C /* MockBaseAPIService.swift */; };
		D4E980F3281AE28A006F684C /* MovieRepositoryTest.swift in Sources */ = {isa = PBXBuildFile; fileRef = D4E980F2281AE28A006F684C /* MovieRepositoryTest.swift */; };
		D4E980F5281AE4DA006F684C /* MovieResponseRepositoryTest.swift in Sources */ = {isa = PBXBuildFile; fileRef = D4E980F4281AE4DA006F684C /* MovieResponseRepositoryTest.swift */; };
/* End PBXBuildFile section */

/* Begin PBXContainerItemProxy section */
		C0871C5D2805CF5600D29103 /* PBXContainerItemProxy */ = {
			isa = PBXContainerItemProxy;
			containerPortal = C0871C3E2805CF4E00D29103 /* Project object */;
			proxyType = 1;
			remoteGlobalIDString = C0871C452805CF4E00D29103;
			remoteInfo = MovieApp;
		};
		C0871C672805CF5600D29103 /* PBXContainerItemProxy */ = {
			isa = PBXContainerItemProxy;
			containerPortal = C0871C3E2805CF4E00D29103 /* Project object */;
			proxyType = 1;
			remoteGlobalIDString = C0871C452805CF4E00D29103;
			remoteInfo = MovieApp;
		};
/* End PBXContainerItemProxy section */

/* Begin PBXFileReference section */
		3C62ECF6A4A41527C26BF181 /* Pods_MovieAppTests.framework */ = {isa = PBXFileReference; explicitFileType = wrapper.framework; includeInIndex = 0; path = Pods_MovieAppTests.framework; sourceTree = BUILT_PRODUCTS_DIR; };
		40B5AE72D100FD0E0685241B /* Pods-MovieAppTests.debug.xcconfig */ = {isa = PBXFileReference; includeInIndex = 1; lastKnownFileType = text.xcconfig; name = "Pods-MovieAppTests.debug.xcconfig"; path = "Target Support Files/Pods-MovieAppTests/Pods-MovieAppTests.debug.xcconfig"; sourceTree = "<group>"; };
		71B2002110E76E0279C84708 /* Pods-MovieApp-MovieAppUITests.release.xcconfig */ = {isa = PBXFileReference; includeInIndex = 1; lastKnownFileType = text.xcconfig; name = "Pods-MovieApp-MovieAppUITests.release.xcconfig"; path = "Target Support Files/Pods-MovieApp-MovieAppUITests/Pods-MovieApp-MovieAppUITests.release.xcconfig"; sourceTree = "<group>"; };
		7AC3EC9B06DDA0D04E364D3C /* Pods-MovieApp.release.xcconfig */ = {isa = PBXFileReference; includeInIndex = 1; lastKnownFileType = text.xcconfig; name = "Pods-MovieApp.release.xcconfig"; path = "Target Support Files/Pods-MovieApp/Pods-MovieApp.release.xcconfig"; sourceTree = "<group>"; };
		8B54F8B2EFC1DCE615B66920 /* Pods-MovieApp.debug.xcconfig */ = {isa = PBXFileReference; includeInIndex = 1; lastKnownFileType = text.xcconfig; name = "Pods-MovieApp.debug.xcconfig"; path = "Target Support Files/Pods-MovieApp/Pods-MovieApp.debug.xcconfig"; sourceTree = "<group>"; };
		9FB58FC3271D9CB0E4D64C96 /* Pods_MovieApp.framework */ = {isa = PBXFileReference; explicitFileType = wrapper.framework; includeInIndex = 0; path = Pods_MovieApp.framework; sourceTree = BUILT_PRODUCTS_DIR; };
		ACF1322C27A69A23BF338E7A /* Pods_MovieApp_MovieAppUITests.framework */ = {isa = PBXFileReference; explicitFileType = wrapper.framework; includeInIndex = 0; path = Pods_MovieApp_MovieAppUITests.framework; sourceTree = BUILT_PRODUCTS_DIR; };
		B59599DDBA5C148D8B206AF9 /* Pods-MovieApp-MovieAppUITests.debug.xcconfig */ = {isa = PBXFileReference; includeInIndex = 1; lastKnownFileType = text.xcconfig; name = "Pods-MovieApp-MovieAppUITests.debug.xcconfig"; path = "Target Support Files/Pods-MovieApp-MovieAppUITests/Pods-MovieApp-MovieAppUITests.debug.xcconfig"; sourceTree = "<group>"; };
		C02C8730281083FD006EDDF0 /* CustomTableViewCell.swift */ = {isa = PBXFileReference; lastKnownFileType = sourcecode.swift; path = CustomTableViewCell.swift; sourceTree = "<group>"; };
		C02C8731281083FD006EDDF0 /* CustomTableViewCell.xib */ = {isa = PBXFileReference; lastKnownFileType = file.xib; path = CustomTableViewCell.xib; sourceTree = "<group>"; };
		C05B9829280D87AE0023FE35 /* Extensions.swift */ = {isa = PBXFileReference; lastKnownFileType = sourcecode.swift; path = Extensions.swift; sourceTree = "<group>"; };
		C05E6EE2280DE9480074B72A /* MovieManagerTest.swift */ = {isa = PBXFileReference; lastKnownFileType = sourcecode.swift; path = MovieManagerTest.swift; sourceTree = "<group>"; };
		C05E6EE6280EEE220074B72A /* MenuListController.swift */ = {isa = PBXFileReference; lastKnownFileType = sourcecode.swift; path = MenuListController.swift; sourceTree = "<group>"; };
		C05E6EE8280F00A00074B72A /* TVShowsViewController.swift */ = {isa = PBXFileReference; lastKnownFileType = sourcecode.swift; path = TVShowsViewController.swift; sourceTree = "<group>"; };
		C05E6EEC280F00B40074B72A /* FavoritesViewController.swift */ = {isa = PBXFileReference; lastKnownFileType = sourcecode.swift; path = FavoritesViewController.swift; sourceTree = "<group>"; };
		C0602CE42811F0FB00D924F6 /* CustomToast.swift */ = {isa = PBXFileReference; lastKnownFileType = sourcecode.swift; path = CustomToast.swift; sourceTree = "<group>"; };
		C06E5D9D28088FD2005C713E /* CustomCollectionViewCell.swift */ = {isa = PBXFileReference; lastKnownFileType = sourcecode.swift; path = CustomCollectionViewCell.swift; sourceTree = "<group>"; };
		C06E5D9E28088FD2005C713E /* CustomCollectionViewCell.xib */ = {isa = PBXFileReference; lastKnownFileType = file.xib; path = CustomCollectionViewCell.xib; sourceTree = "<group>"; };
		C06E5DA128089B74005C713E /* MovieManager.swift */ = {isa = PBXFileReference; lastKnownFileType = sourcecode.swift; path = MovieManager.swift; sourceTree = "<group>"; };
		C0871C462805CF4E00D29103 /* MovieApp.app */ = {isa = PBXFileReference; explicitFileType = wrapper.application; includeInIndex = 0; path = MovieApp.app; sourceTree = BUILT_PRODUCTS_DIR; };
		C0871C492805CF4E00D29103 /* AppDelegate.swift */ = {isa = PBXFileReference; lastKnownFileType = sourcecode.swift; path = AppDelegate.swift; sourceTree = "<group>"; };
		C0871C4B2805CF4E00D29103 /* SceneDelegate.swift */ = {isa = PBXFileReference; lastKnownFileType = sourcecode.swift; path = SceneDelegate.swift; sourceTree = "<group>"; };
		C0871C4D2805CF4E00D29103 /* ViewController.swift */ = {isa = PBXFileReference; lastKnownFileType = sourcecode.swift; path = ViewController.swift; sourceTree = "<group>"; };
		C0871C502805CF4E00D29103 /* Base */ = {isa = PBXFileReference; lastKnownFileType = file.storyboard; name = Base; path = Base.lproj/Main.storyboard; sourceTree = "<group>"; };
		C0871C522805CF5500D29103 /* Assets.xcassets */ = {isa = PBXFileReference; lastKnownFileType = folder.assetcatalog; path = Assets.xcassets; sourceTree = "<group>"; };
		C0871C552805CF5500D29103 /* Base */ = {isa = PBXFileReference; lastKnownFileType = file.storyboard; name = Base; path = Base.lproj/LaunchScreen.storyboard; sourceTree = "<group>"; };
		C0871C572805CF5500D29103 /* Info.plist */ = {isa = PBXFileReference; lastKnownFileType = text.plist.xml; path = Info.plist; sourceTree = "<group>"; };
		C0871C5C2805CF5600D29103 /* MovieAppTests.xctest */ = {isa = PBXFileReference; explicitFileType = wrapper.cfbundle; includeInIndex = 0; path = MovieAppTests.xctest; sourceTree = BUILT_PRODUCTS_DIR; };
		C0871C662805CF5600D29103 /* MovieAppUITests.xctest */ = {isa = PBXFileReference; explicitFileType = wrapper.cfbundle; includeInIndex = 0; path = MovieAppUITests.xctest; sourceTree = BUILT_PRODUCTS_DIR; };
		C0871C6A2805CF5600D29103 /* MovieAppUITests.swift */ = {isa = PBXFileReference; lastKnownFileType = sourcecode.swift; path = MovieAppUITests.swift; sourceTree = "<group>"; };
		C0871C6C2805CF5600D29103 /* MovieAppUITestsLaunchTests.swift */ = {isa = PBXFileReference; lastKnownFileType = sourcecode.swift; path = MovieAppUITestsLaunchTests.swift; sourceTree = "<group>"; };
		C102C09D280726DD0025AEAE /* Protocols.swift */ = {isa = PBXFileReference; lastKnownFileType = sourcecode.swift; path = Protocols.swift; sourceTree = "<group>"; };
		C102C09F280728D10025AEAE /* Movie.swift */ = {isa = PBXFileReference; lastKnownFileType = sourcecode.swift; path = Movie.swift; sourceTree = "<group>"; };
		C102C0A328074E820025AEAE /* Enums.swift */ = {isa = PBXFileReference; lastKnownFileType = sourcecode.swift; path = Enums.swift; sourceTree = "<group>"; };
		C15B4DAA280A1FFE003F7161 /* SearchResultsViewController.swift */ = {isa = PBXFileReference; lastKnownFileType = sourcecode.swift; path = SearchResultsViewController.swift; sourceTree = "<group>"; };
		C15B4DAB280A1FFE003F7161 /* SearchResultsViewController.xib */ = {isa = PBXFileReference; lastKnownFileType = file.xib; path = SearchResultsViewController.xib; sourceTree = "<group>"; };
		C1781C4F2808587000D060C3 /* Crew.swift */ = {isa = PBXFileReference; lastKnownFileType = sourcecode.swift; path = Crew.swift; sourceTree = "<group>"; };
		C1781C5128085E9800D060C3 /* MovieDetailsManager.swift */ = {isa = PBXFileReference; lastKnownFileType = sourcecode.swift; path = MovieDetailsManager.swift; sourceTree = "<group>"; };
		C1781C53280862BE00D060C3 /* DetailsViewController.swift */ = {isa = PBXFileReference; lastKnownFileType = sourcecode.swift; path = DetailsViewController.swift; sourceTree = "<group>"; };
		C1781C54280862BE00D060C3 /* DetailsViewController.xib */ = {isa = PBXFileReference; lastKnownFileType = file.xib; path = DetailsViewController.xib; sourceTree = "<group>"; };
		C1781C582808876200D060C3 /* MovieTest.swift */ = {isa = PBXFileReference; lastKnownFileType = sourcecode.swift; path = MovieTest.swift; sourceTree = "<group>"; };
		C1781C5A2808972E00D060C3 /* MovieDetailsManagerTest.swift */ = {isa = PBXFileReference; lastKnownFileType = sourcecode.swift; path = MovieDetailsManagerTest.swift; sourceTree = "<group>"; };
		C1B9DEBA280EF31E0038C4D7 /* SearchResultsManagerTest.swift */ = {isa = PBXFileReference; lastKnownFileType = sourcecode.swift; path = SearchResultsManagerTest.swift; sourceTree = "<group>"; };
		C1DEF7E02809CDAA0002FCA4 /* Constants.swift */ = {isa = PBXFileReference; lastKnownFileType = sourcecode.swift; path = Constants.swift; sourceTree = "<group>"; };
		C1E4811F280E17EB009A625F /* SearchResultsManager.swift */ = {isa = PBXFileReference; lastKnownFileType = sourcecode.swift; path = SearchResultsManager.swift; sourceTree = "<group>"; };
		D404208C2819BFC800CCEA7B /* BaseAPIService.swift */ = {isa = PBXFileReference; lastKnownFileType = sourcecode.swift; path = BaseAPIService.swift; sourceTree = "<group>"; };
		D404208E2819C56E00CCEA7B /* MovieRepository.swift */ = {isa = PBXFileReference; lastKnownFileType = sourcecode.swift; path = MovieRepository.swift; sourceTree = "<group>"; };
		D40420912819EA7000CCEA7B /* MovieResponseRepository.swift */ = {isa = PBXFileReference; lastKnownFileType = sourcecode.swift; path = MovieResponseRepository.swift; sourceTree = "<group>"; };
		D40F0BC4281C18BF00D69C53 /* TVShow.swift */ = {isa = PBXFileReference; lastKnownFileType = sourcecode.swift; path = TVShow.swift; sourceTree = "<group>"; };
		D40F0BC6281C1D7F00D69C53 /* MovieDetailsViewController.swift */ = {isa = PBXFileReference; lastKnownFileType = sourcecode.swift; path = MovieDetailsViewController.swift; sourceTree = "<group>"; };
		D40F0BC8281C1F2800D69C53 /* TVShowDetailsViewController.swift */ = {isa = PBXFileReference; lastKnownFileType = sourcecode.swift; path = TVShowDetailsViewController.swift; sourceTree = "<group>"; };
		D40F0BCB281C2E2800D69C53 /* TVShowManager.swift */ = {isa = PBXFileReference; lastKnownFileType = sourcecode.swift; path = TVShowManager.swift; sourceTree = "<group>"; };
		D40F0BCD281C2F1400D69C53 /* TVShowRepository.swift */ = {isa = PBXFileReference; lastKnownFileType = sourcecode.swift; path = TVShowRepository.swift; sourceTree = "<group>"; };
		D40F0BD0281C3D6F00D69C53 /* TVShowRealm.swift */ = {isa = PBXFileReference; lastKnownFileType = sourcecode.swift; path = TVShowRealm.swift; sourceTree = "<group>"; };
		D46F4F8F2810529D003848CC /* MovieRealm.swift */ = {isa = PBXFileReference; lastKnownFileType = sourcecode.swift; path = MovieRealm.swift; sourceTree = "<group>"; };
		D46F4F9128105642003848CC /* RealmService.swift */ = {isa = PBXFileReference; lastKnownFileType = sourcecode.swift; path = RealmService.swift; sourceTree = "<group>"; };
		D46F4F9328106B73003848CC /* StorageManager.swift */ = {isa = PBXFileReference; lastKnownFileType = sourcecode.swift; path = StorageManager.swift; sourceTree = "<group>"; };
		D46F4F9528106CE3003848CC /* RealmManager.swift */ = {isa = PBXFileReference; lastKnownFileType = sourcecode.swift; path = RealmManager.swift; sourceTree = "<group>"; };
		D46F4F972810B33A003848CC /* MockRealmService.swift */ = {isa = PBXFileReference; lastKnownFileType = sourcecode.swift; path = MockRealmService.swift; sourceTree = "<group>"; };
		D46F4F992810B614003848CC /* RealmManagerTest.swift */ = {isa = PBXFileReference; lastKnownFileType = sourcecode.swift; path = RealmManagerTest.swift; sourceTree = "<group>"; };
		D46F4F9B2810B737003848CC /* StorageManagerTest.swift */ = {isa = PBXFileReference; lastKnownFileType = sourcecode.swift; path = StorageManagerTest.swift; sourceTree = "<group>"; };
		D495AE462811B126006A5238 /* FavoritesManager.swift */ = {isa = PBXFileReference; lastKnownFileType = sourcecode.swift; path = FavoritesManager.swift; sourceTree = "<group>"; };
		D495AE48281206C7006A5238 /* FavoritesManagerTest.swift */ = {isa = PBXFileReference; lastKnownFileType = sourcecode.swift; path = FavoritesManagerTest.swift; sourceTree = "<group>"; };
		D4BBC2022816E659006BFA53 /* SeeAllViewController.swift */ = {isa = PBXFileReference; lastKnownFileType = sourcecode.swift; path = SeeAllViewController.swift; sourceTree = "<group>"; };
		D4BBC2042816E672006BFA53 /* SearchForViewController.swift */ = {isa = PBXFileReference; lastKnownFileType = sourcecode.swift; path = SearchForViewController.swift; sourceTree = "<group>"; };
		D4BBC2062816FCA2006BFA53 /* Video.swift */ = {isa = PBXFileReference; lastKnownFileType = sourcecode.swift; path = Video.swift; sourceTree = "<group>"; };
		D4C0911528186D3600356315 /* CastRealm.swift */ = {isa = PBXFileReference; lastKnownFileType = sourcecode.swift; path = CastRealm.swift; sourceTree = "<group>"; };
		D4DCC45428183F2900D0429D /* Cast.swift */ = {isa = PBXFileReference; lastKnownFileType = sourcecode.swift; path = Cast.swift; sourceTree = "<group>"; };
		D4E980F0281ACA43006F684C /* MockBaseAPIService.swift */ = {isa = PBXFileReference; lastKnownFileType = sourcecode.swift; path = MockBaseAPIService.swift; sourceTree = "<group>"; };
		D4E980F2281AE28A006F684C /* MovieRepositoryTest.swift */ = {isa = PBXFileReference; lastKnownFileType = sourcecode.swift; path = MovieRepositoryTest.swift; sourceTree = "<group>"; };
		D4E980F4281AE4DA006F684C /* MovieResponseRepositoryTest.swift */ = {isa = PBXFileReference; lastKnownFileType = sourcecode.swift; path = MovieResponseRepositoryTest.swift; sourceTree = "<group>"; };
		F2AD3C1F5CDD9F0F534C5E9C /* Pods-MovieAppTests.release.xcconfig */ = {isa = PBXFileReference; includeInIndex = 1; lastKnownFileType = text.xcconfig; name = "Pods-MovieAppTests.release.xcconfig"; path = "Target Support Files/Pods-MovieAppTests/Pods-MovieAppTests.release.xcconfig"; sourceTree = "<group>"; };
/* End PBXFileReference section */

/* Begin PBXFrameworksBuildPhase section */
		C0871C432805CF4E00D29103 /* Frameworks */ = {
			isa = PBXFrameworksBuildPhase;
			buildActionMask = 2147483647;
			files = (
				70271EC91701080E139C379A /* Pods_MovieApp.framework in Frameworks */,
			);
			runOnlyForDeploymentPostprocessing = 0;
		};
		C0871C592805CF5600D29103 /* Frameworks */ = {
			isa = PBXFrameworksBuildPhase;
			buildActionMask = 2147483647;
			files = (
				4E024FBE0490342A3102759D /* Pods_MovieAppTests.framework in Frameworks */,
			);
			runOnlyForDeploymentPostprocessing = 0;
		};
		C0871C632805CF5600D29103 /* Frameworks */ = {
			isa = PBXFrameworksBuildPhase;
			buildActionMask = 2147483647;
			files = (
				27954BAD80AD26BED5C1E09D /* Pods_MovieApp_MovieAppUITests.framework in Frameworks */,
			);
			runOnlyForDeploymentPostprocessing = 0;
		};
/* End PBXFrameworksBuildPhase section */

/* Begin PBXGroup section */
		245E71DA764C396D82E7F757 /* Pods */ = {
			isa = PBXGroup;
			children = (
				8B54F8B2EFC1DCE615B66920 /* Pods-MovieApp.debug.xcconfig */,
				7AC3EC9B06DDA0D04E364D3C /* Pods-MovieApp.release.xcconfig */,
				B59599DDBA5C148D8B206AF9 /* Pods-MovieApp-MovieAppUITests.debug.xcconfig */,
				71B2002110E76E0279C84708 /* Pods-MovieApp-MovieAppUITests.release.xcconfig */,
				40B5AE72D100FD0E0685241B /* Pods-MovieAppTests.debug.xcconfig */,
				F2AD3C1F5CDD9F0F534C5E9C /* Pods-MovieAppTests.release.xcconfig */,
			);
			path = Pods;
			sourceTree = "<group>";
		};
		C0602CE32811F0ED00D924F6 /* Helpers */ = {
			isa = PBXGroup;
			children = (
				C0602CE42811F0FB00D924F6 /* CustomToast.swift */,
			);
			path = Helpers;
			sourceTree = "<group>";
		};
		C06E5D9A2807F1F8005C713E /* ViewController */ = {
			isa = PBXGroup;
			children = (
				C0871C4D2805CF4E00D29103 /* ViewController.swift */,
				C1781C53280862BE00D060C3 /* DetailsViewController.swift */,
				C15B4DAA280A1FFE003F7161 /* SearchResultsViewController.swift */,
				C05E6EE6280EEE220074B72A /* MenuListController.swift */,
				C05E6EE8280F00A00074B72A /* TVShowsViewController.swift */,
				C05E6EEC280F00B40074B72A /* FavoritesViewController.swift */,
				D4BBC2022816E659006BFA53 /* SeeAllViewController.swift */,
				D4BBC2042816E672006BFA53 /* SearchForViewController.swift */,
				D40F0BC6281C1D7F00D69C53 /* MovieDetailsViewController.swift */,
				D40F0BC8281C1F2800D69C53 /* TVShowDetailsViewController.swift */,
			);
			path = ViewController;
			sourceTree = "<group>";
		};
		C06E5D9B2807F20F005C713E /* View */ = {
			isa = PBXGroup;
			children = (
				C0871C542805CF5500D29103 /* LaunchScreen.storyboard */,
				C0871C4F2805CF4E00D29103 /* Main.storyboard */,
				C1781C54280862BE00D060C3 /* DetailsViewController.xib */,
				C15B4DAB280A1FFE003F7161 /* SearchResultsViewController.xib */,
				C06E5D9C2807F217005C713E /* Cell */,
			);
			path = View;
			sourceTree = "<group>";
		};
		C06E5D9C2807F217005C713E /* Cell */ = {
			isa = PBXGroup;
			children = (
				C06E5D9D28088FD2005C713E /* CustomCollectionViewCell.swift */,
				C06E5D9E28088FD2005C713E /* CustomCollectionViewCell.xib */,
				C02C8730281083FD006EDDF0 /* CustomTableViewCell.swift */,
				C02C8731281083FD006EDDF0 /* CustomTableViewCell.xib */,
			);
			path = Cell;
			sourceTree = "<group>";
		};
		C0871C3D2805CF4E00D29103 = {
			isa = PBXGroup;
			children = (
				C0871C482805CF4E00D29103 /* MovieApp */,
				C0871C5F2805CF5600D29103 /* MovieAppTests */,
				C0871C692805CF5600D29103 /* MovieAppUITests */,
				C0871C472805CF4E00D29103 /* Products */,
				245E71DA764C396D82E7F757 /* Pods */,
				CFA5F9B9BF6DEC0F9F628929 /* Frameworks */,
			);
			sourceTree = "<group>";
		};
		C0871C472805CF4E00D29103 /* Products */ = {
			isa = PBXGroup;
			children = (
				C0871C462805CF4E00D29103 /* MovieApp.app */,
				C0871C5C2805CF5600D29103 /* MovieAppTests.xctest */,
				C0871C662805CF5600D29103 /* MovieAppUITests.xctest */,
			);
			name = Products;
			sourceTree = "<group>";
		};
		C0871C482805CF4E00D29103 /* MovieApp */ = {
			isa = PBXGroup;
			children = (
				C0602CE32811F0ED00D924F6 /* Helpers */,
				C06E5D9B2807F20F005C713E /* View */,
				C06E5D9A2807F1F8005C713E /* ViewController */,
				C102C09C280724C20025AEAE /* Supporting */,
				C102C09B280724B80025AEAE /* Services */,
				C102C09A2807248B0025AEAE /* Model */,
				C0871C492805CF4E00D29103 /* AppDelegate.swift */,
				C0871C4B2805CF4E00D29103 /* SceneDelegate.swift */,
				C0871C522805CF5500D29103 /* Assets.xcassets */,
				C0871C572805CF5500D29103 /* Info.plist */,
			);
			path = MovieApp;
			sourceTree = "<group>";
		};
		C0871C5F2805CF5600D29103 /* MovieAppTests */ = {
			isa = PBXGroup;
			children = (
				C1781C572808872200D060C3 /* Model */,
				C102C0A528075ED00025AEAE /* Services */,
			);
			path = MovieAppTests;
			sourceTree = "<group>";
		};
		C0871C692805CF5600D29103 /* MovieAppUITests */ = {
			isa = PBXGroup;
			children = (
				C0871C6A2805CF5600D29103 /* MovieAppUITests.swift */,
				C0871C6C2805CF5600D29103 /* MovieAppUITestsLaunchTests.swift */,
			);
			path = MovieAppUITests;
			sourceTree = "<group>";
		};
		C102C09A2807248B0025AEAE /* Model */ = {
			isa = PBXGroup;
			children = (
				D40F0BD2281C725800D69C53 /* Models */,
				D40F0BCF281C3D2500D69C53 /* RealmModels */,
				D40F0BCA281C2C3900D69C53 /* Managers */,
				D40420902819EA4000CCEA7B /* Repositories */,
			);
			path = Model;
			sourceTree = "<group>";
		};
		C102C09B280724B80025AEAE /* Services */ = {
			isa = PBXGroup;
			children = (
				D46F4F9128105642003848CC /* RealmService.swift */,
				D404208C2819BFC800CCEA7B /* BaseAPIService.swift */,
			);
			path = Services;
			sourceTree = "<group>";
		};
		C102C09C280724C20025AEAE /* Supporting */ = {
			isa = PBXGroup;
			children = (
				C102C09D280726DD0025AEAE /* Protocols.swift */,
				C102C0A328074E820025AEAE /* Enums.swift */,
				C1DEF7E02809CDAA0002FCA4 /* Constants.swift */,
				C05B9829280D87AE0023FE35 /* Extensions.swift */,
			);
			path = Supporting;
			sourceTree = "<group>";
		};
		C102C0A528075ED00025AEAE /* Services */ = {
			isa = PBXGroup;
			children = (
				D46F4F972810B33A003848CC /* MockRealmService.swift */,
				D4E980F0281ACA43006F684C /* MockBaseAPIService.swift */,
			);
			path = Services;
			sourceTree = "<group>";
		};
		C1781C572808872200D060C3 /* Model */ = {
			isa = PBXGroup;
			children = (
				C1781C582808876200D060C3 /* MovieTest.swift */,
				C1781C5A2808972E00D060C3 /* MovieDetailsManagerTest.swift */,
				C05E6EE2280DE9480074B72A /* MovieManagerTest.swift */,
				C1B9DEBA280EF31E0038C4D7 /* SearchResultsManagerTest.swift */,
				D46F4F992810B614003848CC /* RealmManagerTest.swift */,
				D46F4F9B2810B737003848CC /* StorageManagerTest.swift */,
				D495AE48281206C7006A5238 /* FavoritesManagerTest.swift */,
				D4E980F2281AE28A006F684C /* MovieRepositoryTest.swift */,
				D4E980F4281AE4DA006F684C /* MovieResponseRepositoryTest.swift */,
			);
			path = Model;
			sourceTree = "<group>";
		};
		CFA5F9B9BF6DEC0F9F628929 /* Frameworks */ = {
			isa = PBXGroup;
			children = (
				9FB58FC3271D9CB0E4D64C96 /* Pods_MovieApp.framework */,
				ACF1322C27A69A23BF338E7A /* Pods_MovieApp_MovieAppUITests.framework */,
				3C62ECF6A4A41527C26BF181 /* Pods_MovieAppTests.framework */,
			);
			name = Frameworks;
			sourceTree = "<group>";
		};
		D40420902819EA4000CCEA7B /* Repositories */ = {
			isa = PBXGroup;
			children = (
				D404208E2819C56E00CCEA7B /* MovieRepository.swift */,
				D40420912819EA7000CCEA7B /* MovieResponseRepository.swift */,
				D40F0BCD281C2F1400D69C53 /* TVShowRepository.swift */,
			);
			path = Repositories;
			sourceTree = "<group>";
		};
		D40F0BCA281C2C3900D69C53 /* Managers */ = {
			isa = PBXGroup;
			children = (
				C06E5DA128089B74005C713E /* MovieManager.swift */,
				C1781C5128085E9800D060C3 /* MovieDetailsManager.swift */,
				C1E4811F280E17EB009A625F /* SearchResultsManager.swift */,
				D46F4F9528106CE3003848CC /* RealmManager.swift */,
				D495AE462811B126006A5238 /* FavoritesManager.swift */,
				D46F4F9328106B73003848CC /* StorageManager.swift */,
				D40F0BCB281C2E2800D69C53 /* TVShowManager.swift */,
			);
			path = Managers;
			sourceTree = "<group>";
		};
		D40F0BCF281C3D2500D69C53 /* RealmModels */ = {
			isa = PBXGroup;
			children = (
				D46F4F8F2810529D003848CC /* MovieRealm.swift */,
				D4C0911528186D3600356315 /* CastRealm.swift */,
				D40F0BD0281C3D6F00D69C53 /* TVShowRealm.swift */,
			);
			path = RealmModels;
			sourceTree = "<group>";
		};
		D40F0BD2281C725800D69C53 /* Models */ = {
			isa = PBXGroup;
			children = (
				C102C09F280728D10025AEAE /* Movie.swift */,
				C1781C4F2808587000D060C3 /* Crew.swift */,
				D4DCC45428183F2900D0429D /* Cast.swift */,
				D4BBC2062816FCA2006BFA53 /* Video.swift */,
				D40F0BC4281C18BF00D69C53 /* TVShow.swift */,
			);
			path = Models;
			sourceTree = "<group>";
		};
/* End PBXGroup section */

/* Begin PBXNativeTarget section */
		C0871C452805CF4E00D29103 /* MovieApp */ = {
			isa = PBXNativeTarget;
			buildConfigurationList = C0871C702805CF5600D29103 /* Build configuration list for PBXNativeTarget "MovieApp" */;
			buildPhases = (
				C8B69D96D9D77398B24C7C78 /* [CP] Check Pods Manifest.lock */,
				C0871C422805CF4E00D29103 /* Sources */,
				C0871C432805CF4E00D29103 /* Frameworks */,
				C0871C442805CF4E00D29103 /* Resources */,
				F8B5DD8867A4D0C7249FBB12 /* [CP] Embed Pods Frameworks */,
			);
			buildRules = (
			);
			dependencies = (
			);
			name = MovieApp;
			productName = MovieApp;
			productReference = C0871C462805CF4E00D29103 /* MovieApp.app */;
			productType = "com.apple.product-type.application";
		};
		C0871C5B2805CF5600D29103 /* MovieAppTests */ = {
			isa = PBXNativeTarget;
			buildConfigurationList = C0871C732805CF5600D29103 /* Build configuration list for PBXNativeTarget "MovieAppTests" */;
			buildPhases = (
				3BE54A91FE7B62571345B304 /* [CP] Check Pods Manifest.lock */,
				C0871C582805CF5600D29103 /* Sources */,
				C0871C592805CF5600D29103 /* Frameworks */,
				C0871C5A2805CF5600D29103 /* Resources */,
			);
			buildRules = (
			);
			dependencies = (
				C0871C5E2805CF5600D29103 /* PBXTargetDependency */,
			);
			name = MovieAppTests;
			productName = MovieAppTests;
			productReference = C0871C5C2805CF5600D29103 /* MovieAppTests.xctest */;
			productType = "com.apple.product-type.bundle.unit-test";
		};
		C0871C652805CF5600D29103 /* MovieAppUITests */ = {
			isa = PBXNativeTarget;
			buildConfigurationList = C0871C762805CF5600D29103 /* Build configuration list for PBXNativeTarget "MovieAppUITests" */;
			buildPhases = (
				C8875F886D4E4BCF6AF335C6 /* [CP] Check Pods Manifest.lock */,
				C0871C622805CF5600D29103 /* Sources */,
				C0871C632805CF5600D29103 /* Frameworks */,
				C0871C642805CF5600D29103 /* Resources */,
				DB326C5B4FDD967807F06CEB /* [CP] Embed Pods Frameworks */,
			);
			buildRules = (
			);
			dependencies = (
				C0871C682805CF5600D29103 /* PBXTargetDependency */,
			);
			name = MovieAppUITests;
			productName = MovieAppUITests;
			productReference = C0871C662805CF5600D29103 /* MovieAppUITests.xctest */;
			productType = "com.apple.product-type.bundle.ui-testing";
		};
/* End PBXNativeTarget section */

/* Begin PBXProject section */
		C0871C3E2805CF4E00D29103 /* Project object */ = {
			isa = PBXProject;
			attributes = {
				BuildIndependentTargetsInParallel = 1;
				LastSwiftUpdateCheck = 1300;
				LastUpgradeCheck = 1300;
				TargetAttributes = {
					C0871C452805CF4E00D29103 = {
						CreatedOnToolsVersion = 13.0;
					};
					C0871C5B2805CF5600D29103 = {
						CreatedOnToolsVersion = 13.0;
						LastSwiftMigration = 1330;
						TestTargetID = C0871C452805CF4E00D29103;
					};
					C0871C652805CF5600D29103 = {
						CreatedOnToolsVersion = 13.0;
						TestTargetID = C0871C452805CF4E00D29103;
					};
				};
			};
			buildConfigurationList = C0871C412805CF4E00D29103 /* Build configuration list for PBXProject "MovieApp" */;
			compatibilityVersion = "Xcode 13.0";
			developmentRegion = en;
			hasScannedForEncodings = 0;
			knownRegions = (
				en,
				Base,
			);
			mainGroup = C0871C3D2805CF4E00D29103;
			productRefGroup = C0871C472805CF4E00D29103 /* Products */;
			projectDirPath = "";
			projectRoot = "";
			targets = (
				C0871C452805CF4E00D29103 /* MovieApp */,
				C0871C5B2805CF5600D29103 /* MovieAppTests */,
				C0871C652805CF5600D29103 /* MovieAppUITests */,
			);
		};
/* End PBXProject section */

/* Begin PBXResourcesBuildPhase section */
		C0871C442805CF4E00D29103 /* Resources */ = {
			isa = PBXResourcesBuildPhase;
			buildActionMask = 2147483647;
			files = (
				C1781C56280862BE00D060C3 /* DetailsViewController.xib in Resources */,
				C02C8733281083FD006EDDF0 /* CustomTableViewCell.xib in Resources */,
				C0871C562805CF5500D29103 /* LaunchScreen.storyboard in Resources */,
				C0871C532805CF5500D29103 /* Assets.xcassets in Resources */,
				C0871C512805CF4E00D29103 /* Main.storyboard in Resources */,
				C06E5DA028088FD2005C713E /* CustomCollectionViewCell.xib in Resources */,
				C15B4DAD280A1FFE003F7161 /* SearchResultsViewController.xib in Resources */,
			);
			runOnlyForDeploymentPostprocessing = 0;
		};
		C0871C5A2805CF5600D29103 /* Resources */ = {
			isa = PBXResourcesBuildPhase;
			buildActionMask = 2147483647;
			files = (
			);
			runOnlyForDeploymentPostprocessing = 0;
		};
		C0871C642805CF5600D29103 /* Resources */ = {
			isa = PBXResourcesBuildPhase;
			buildActionMask = 2147483647;
			files = (
			);
			runOnlyForDeploymentPostprocessing = 0;
		};
/* End PBXResourcesBuildPhase section */

/* Begin PBXShellScriptBuildPhase section */
		3BE54A91FE7B62571345B304 /* [CP] Check Pods Manifest.lock */ = {
			isa = PBXShellScriptBuildPhase;
			buildActionMask = 2147483647;
			files = (
			);
			inputFileListPaths = (
			);
			inputPaths = (
				"${PODS_PODFILE_DIR_PATH}/Podfile.lock",
				"${PODS_ROOT}/Manifest.lock",
			);
			name = "[CP] Check Pods Manifest.lock";
			outputFileListPaths = (
			);
			outputPaths = (
				"$(DERIVED_FILE_DIR)/Pods-MovieAppTests-checkManifestLockResult.txt",
			);
			runOnlyForDeploymentPostprocessing = 0;
			shellPath = /bin/sh;
			shellScript = "diff \"${PODS_PODFILE_DIR_PATH}/Podfile.lock\" \"${PODS_ROOT}/Manifest.lock\" > /dev/null\nif [ $? != 0 ] ; then\n    # print error to STDERR\n    echo \"error: The sandbox is not in sync with the Podfile.lock. Run 'pod install' or update your CocoaPods installation.\" >&2\n    exit 1\nfi\n# This output is used by Xcode 'outputs' to avoid re-running this script phase.\necho \"SUCCESS\" > \"${SCRIPT_OUTPUT_FILE_0}\"\n";
			showEnvVarsInLog = 0;
		};
		C8875F886D4E4BCF6AF335C6 /* [CP] Check Pods Manifest.lock */ = {
			isa = PBXShellScriptBuildPhase;
			buildActionMask = 2147483647;
			files = (
			);
			inputFileListPaths = (
			);
			inputPaths = (
				"${PODS_PODFILE_DIR_PATH}/Podfile.lock",
				"${PODS_ROOT}/Manifest.lock",
			);
			name = "[CP] Check Pods Manifest.lock";
			outputFileListPaths = (
			);
			outputPaths = (
				"$(DERIVED_FILE_DIR)/Pods-MovieApp-MovieAppUITests-checkManifestLockResult.txt",
			);
			runOnlyForDeploymentPostprocessing = 0;
			shellPath = /bin/sh;
			shellScript = "diff \"${PODS_PODFILE_DIR_PATH}/Podfile.lock\" \"${PODS_ROOT}/Manifest.lock\" > /dev/null\nif [ $? != 0 ] ; then\n    # print error to STDERR\n    echo \"error: The sandbox is not in sync with the Podfile.lock. Run 'pod install' or update your CocoaPods installation.\" >&2\n    exit 1\nfi\n# This output is used by Xcode 'outputs' to avoid re-running this script phase.\necho \"SUCCESS\" > \"${SCRIPT_OUTPUT_FILE_0}\"\n";
			showEnvVarsInLog = 0;
		};
		C8B69D96D9D77398B24C7C78 /* [CP] Check Pods Manifest.lock */ = {
			isa = PBXShellScriptBuildPhase;
			buildActionMask = 2147483647;
			files = (
			);
			inputFileListPaths = (
			);
			inputPaths = (
				"${PODS_PODFILE_DIR_PATH}/Podfile.lock",
				"${PODS_ROOT}/Manifest.lock",
			);
			name = "[CP] Check Pods Manifest.lock";
			outputFileListPaths = (
			);
			outputPaths = (
				"$(DERIVED_FILE_DIR)/Pods-MovieApp-checkManifestLockResult.txt",
			);
			runOnlyForDeploymentPostprocessing = 0;
			shellPath = /bin/sh;
			shellScript = "diff \"${PODS_PODFILE_DIR_PATH}/Podfile.lock\" \"${PODS_ROOT}/Manifest.lock\" > /dev/null\nif [ $? != 0 ] ; then\n    # print error to STDERR\n    echo \"error: The sandbox is not in sync with the Podfile.lock. Run 'pod install' or update your CocoaPods installation.\" >&2\n    exit 1\nfi\n# This output is used by Xcode 'outputs' to avoid re-running this script phase.\necho \"SUCCESS\" > \"${SCRIPT_OUTPUT_FILE_0}\"\n";
			showEnvVarsInLog = 0;
		};
		DB326C5B4FDD967807F06CEB /* [CP] Embed Pods Frameworks */ = {
			isa = PBXShellScriptBuildPhase;
			buildActionMask = 2147483647;
			files = (
			);
			inputFileListPaths = (
				"${PODS_ROOT}/Target Support Files/Pods-MovieApp-MovieAppUITests/Pods-MovieApp-MovieAppUITests-frameworks-${CONFIGURATION}-input-files.xcfilelist",
			);
			name = "[CP] Embed Pods Frameworks";
			outputFileListPaths = (
				"${PODS_ROOT}/Target Support Files/Pods-MovieApp-MovieAppUITests/Pods-MovieApp-MovieAppUITests-frameworks-${CONFIGURATION}-output-files.xcfilelist",
			);
			runOnlyForDeploymentPostprocessing = 0;
			shellPath = /bin/sh;
			shellScript = "\"${PODS_ROOT}/Target Support Files/Pods-MovieApp-MovieAppUITests/Pods-MovieApp-MovieAppUITests-frameworks.sh\"\n";
			showEnvVarsInLog = 0;
		};
		F8B5DD8867A4D0C7249FBB12 /* [CP] Embed Pods Frameworks */ = {
			isa = PBXShellScriptBuildPhase;
			buildActionMask = 2147483647;
			files = (
			);
			inputFileListPaths = (
				"${PODS_ROOT}/Target Support Files/Pods-MovieApp/Pods-MovieApp-frameworks-${CONFIGURATION}-input-files.xcfilelist",
			);
			name = "[CP] Embed Pods Frameworks";
			outputFileListPaths = (
				"${PODS_ROOT}/Target Support Files/Pods-MovieApp/Pods-MovieApp-frameworks-${CONFIGURATION}-output-files.xcfilelist",
			);
			runOnlyForDeploymentPostprocessing = 0;
			shellPath = /bin/sh;
			shellScript = "\"${PODS_ROOT}/Target Support Files/Pods-MovieApp/Pods-MovieApp-frameworks.sh\"\n";
			showEnvVarsInLog = 0;
		};
/* End PBXShellScriptBuildPhase section */

/* Begin PBXSourcesBuildPhase section */
		C0871C422805CF4E00D29103 /* Sources */ = {
			isa = PBXSourcesBuildPhase;
			buildActionMask = 2147483647;
			files = (
				C0602CE52811F0FB00D924F6 /* CustomToast.swift in Sources */,
				D40420922819EA7000CCEA7B /* MovieResponseRepository.swift in Sources */,
				C1781C55280862BE00D060C3 /* DetailsViewController.swift in Sources */,
				C1781C5228085E9800D060C3 /* MovieDetailsManager.swift in Sources */,
				D40F0BC7281C1D7F00D69C53 /* MovieDetailsViewController.swift in Sources */,
				D46F4F9628106CE3003848CC /* RealmManager.swift in Sources */,
				C0871C4E2805CF4E00D29103 /* ViewController.swift in Sources */,
				C0871C4A2805CF4E00D29103 /* AppDelegate.swift in Sources */,
				C05E6EEA280F00A00074B72A /* TVShowsViewController.swift in Sources */,
				C0871C4C2805CF4E00D29103 /* SceneDelegate.swift in Sources */,
				D4BBC2052816E672006BFA53 /* SearchForViewController.swift in Sources */,
				C02C8732281083FD006EDDF0 /* CustomTableViewCell.swift in Sources */,
				D495AE472811B126006A5238 /* FavoritesManager.swift in Sources */,
				C15B4DAC280A1FFE003F7161 /* SearchResultsViewController.swift in Sources */,
				C06E5D9F28088FD2005C713E /* CustomCollectionViewCell.swift in Sources */,
				C102C09E280726DD0025AEAE /* Protocols.swift in Sources */,
				D404208F2819C56E00CCEA7B /* MovieRepository.swift in Sources */,
				C05E6EE7280EEE220074B72A /* MenuListController.swift in Sources */,
				D4C0911628186D3600356315 /* CastRealm.swift in Sources */,
				C05E6EEE280F00B40074B72A /* FavoritesViewController.swift in Sources */,
				C1E48120280E17EB009A625F /* SearchResultsManager.swift in Sources */,
				D40F0BC5281C18BF00D69C53 /* TVShow.swift in Sources */,
				C1DEF7E12809CDAA0002FCA4 /* Constants.swift in Sources */,
				D46F4F9428106B73003848CC /* StorageManager.swift in Sources */,
				C102C0A428074E820025AEAE /* Enums.swift in Sources */,
				D404208D2819BFC800CCEA7B /* BaseAPIService.swift in Sources */,
				C06E5DA228089B74005C713E /* MovieManager.swift in Sources */,
				D4DCC45528183F2900D0429D /* Cast.swift in Sources */,
				D46F4F9228105642003848CC /* RealmService.swift in Sources */,
				D46F4F902810529D003848CC /* MovieRealm.swift in Sources */,
				D40F0BD1281C3D6F00D69C53 /* TVShowRealm.swift in Sources */,
				C1781C502808587000D060C3 /* Crew.swift in Sources */,
				D4BBC2072816FCA2006BFA53 /* Video.swift in Sources */,
				D40F0BC9281C1F2800D69C53 /* TVShowDetailsViewController.swift in Sources */,
				D40F0BCC281C2E2800D69C53 /* TVShowManager.swift in Sources */,
				D4BBC2032816E659006BFA53 /* SeeAllViewController.swift in Sources */,
				C102C0A0280728D10025AEAE /* Movie.swift in Sources */,
				D40F0BCE281C2F1400D69C53 /* TVShowRepository.swift in Sources */,
				C05B982A280D87AE0023FE35 /* Extensions.swift in Sources */,
			);
			runOnlyForDeploymentPostprocessing = 0;
		};
		C0871C582805CF5600D29103 /* Sources */ = {
			isa = PBXSourcesBuildPhase;
			buildActionMask = 2147483647;
			files = (
				D4E980F5281AE4DA006F684C /* MovieResponseRepositoryTest.swift in Sources */,
				C05E6EE5280E034C0074B72A /* MovieManagerTest.swift in Sources */,
				D46F4F982810B33A003848CC /* MockRealmService.swift in Sources */,
				D4E980F3281AE28A006F684C /* MovieRepositoryTest.swift in Sources */,
				D46F4F9A2810B614003848CC /* RealmManagerTest.swift in Sources */,
				D46F4F9C2810B737003848CC /* StorageManagerTest.swift in Sources */,
				C1B9DEBB280EF31E0038C4D7 /* SearchResultsManagerTest.swift in Sources */,
				D4E980F1281ACA43006F684C /* MockBaseAPIService.swift in Sources */,
				C1781C5B2808972E00D060C3 /* MovieDetailsManagerTest.swift in Sources */,
				C1781C592808876200D060C3 /* MovieTest.swift in Sources */,
				D495AE49281206C7006A5238 /* FavoritesManagerTest.swift in Sources */,
			);
			runOnlyForDeploymentPostprocessing = 0;
		};
		C0871C622805CF5600D29103 /* Sources */ = {
			isa = PBXSourcesBuildPhase;
			buildActionMask = 2147483647;
			files = (
				C0871C6D2805CF5600D29103 /* MovieAppUITestsLaunchTests.swift in Sources */,
				C0871C6B2805CF5600D29103 /* MovieAppUITests.swift in Sources */,
			);
			runOnlyForDeploymentPostprocessing = 0;
		};
/* End PBXSourcesBuildPhase section */

/* Begin PBXTargetDependency section */
		C0871C5E2805CF5600D29103 /* PBXTargetDependency */ = {
			isa = PBXTargetDependency;
			target = C0871C452805CF4E00D29103 /* MovieApp */;
			targetProxy = C0871C5D2805CF5600D29103 /* PBXContainerItemProxy */;
		};
		C0871C682805CF5600D29103 /* PBXTargetDependency */ = {
			isa = PBXTargetDependency;
			target = C0871C452805CF4E00D29103 /* MovieApp */;
			targetProxy = C0871C672805CF5600D29103 /* PBXContainerItemProxy */;
		};
/* End PBXTargetDependency section */

/* Begin PBXVariantGroup section */
		C0871C4F2805CF4E00D29103 /* Main.storyboard */ = {
			isa = PBXVariantGroup;
			children = (
				C0871C502805CF4E00D29103 /* Base */,
			);
			name = Main.storyboard;
			sourceTree = "<group>";
		};
		C0871C542805CF5500D29103 /* LaunchScreen.storyboard */ = {
			isa = PBXVariantGroup;
			children = (
				C0871C552805CF5500D29103 /* Base */,
			);
			name = LaunchScreen.storyboard;
			sourceTree = "<group>";
		};
/* End PBXVariantGroup section */

/* Begin XCBuildConfiguration section */
		C0871C6E2805CF5600D29103 /* Debug */ = {
			isa = XCBuildConfiguration;
			buildSettings = {
				ALWAYS_SEARCH_USER_PATHS = NO;
				CLANG_ANALYZER_NONNULL = YES;
				CLANG_ANALYZER_NUMBER_OBJECT_CONVERSION = YES_AGGRESSIVE;
				CLANG_CXX_LANGUAGE_STANDARD = "gnu++17";
				CLANG_CXX_LIBRARY = "libc++";
				CLANG_ENABLE_MODULES = YES;
				CLANG_ENABLE_OBJC_ARC = YES;
				CLANG_ENABLE_OBJC_WEAK = YES;
				CLANG_WARN_BLOCK_CAPTURE_AUTORELEASING = YES;
				CLANG_WARN_BOOL_CONVERSION = YES;
				CLANG_WARN_COMMA = YES;
				CLANG_WARN_CONSTANT_CONVERSION = YES;
				CLANG_WARN_DEPRECATED_OBJC_IMPLEMENTATIONS = YES;
				CLANG_WARN_DIRECT_OBJC_ISA_USAGE = YES_ERROR;
				CLANG_WARN_DOCUMENTATION_COMMENTS = YES;
				CLANG_WARN_EMPTY_BODY = YES;
				CLANG_WARN_ENUM_CONVERSION = YES;
				CLANG_WARN_INFINITE_RECURSION = YES;
				CLANG_WARN_INT_CONVERSION = YES;
				CLANG_WARN_NON_LITERAL_NULL_CONVERSION = YES;
				CLANG_WARN_OBJC_IMPLICIT_RETAIN_SELF = YES;
				CLANG_WARN_OBJC_LITERAL_CONVERSION = YES;
				CLANG_WARN_OBJC_ROOT_CLASS = YES_ERROR;
				CLANG_WARN_QUOTED_INCLUDE_IN_FRAMEWORK_HEADER = YES;
				CLANG_WARN_RANGE_LOOP_ANALYSIS = YES;
				CLANG_WARN_STRICT_PROTOTYPES = YES;
				CLANG_WARN_SUSPICIOUS_MOVE = YES;
				CLANG_WARN_UNGUARDED_AVAILABILITY = YES_AGGRESSIVE;
				CLANG_WARN_UNREACHABLE_CODE = YES;
				CLANG_WARN__DUPLICATE_METHOD_MATCH = YES;
				COPY_PHASE_STRIP = NO;
				DEBUG_INFORMATION_FORMAT = dwarf;
				ENABLE_STRICT_OBJC_MSGSEND = YES;
				ENABLE_TESTABILITY = YES;
				GCC_C_LANGUAGE_STANDARD = gnu11;
				GCC_DYNAMIC_NO_PIC = NO;
				GCC_NO_COMMON_BLOCKS = YES;
				GCC_OPTIMIZATION_LEVEL = 0;
				GCC_PREPROCESSOR_DEFINITIONS = (
					"DEBUG=1",
					"$(inherited)",
				);
				GCC_WARN_64_TO_32_BIT_CONVERSION = YES;
				GCC_WARN_ABOUT_RETURN_TYPE = YES_ERROR;
				GCC_WARN_UNDECLARED_SELECTOR = YES;
				GCC_WARN_UNINITIALIZED_AUTOS = YES_AGGRESSIVE;
				GCC_WARN_UNUSED_FUNCTION = YES;
				GCC_WARN_UNUSED_VARIABLE = YES;
				IPHONEOS_DEPLOYMENT_TARGET = 15.0;
				MTL_ENABLE_DEBUG_INFO = INCLUDE_SOURCE;
				MTL_FAST_MATH = YES;
				ONLY_ACTIVE_ARCH = YES;
				SDKROOT = iphoneos;
				SWIFT_ACTIVE_COMPILATION_CONDITIONS = DEBUG;
				SWIFT_OPTIMIZATION_LEVEL = "-Onone";
			};
			name = Debug;
		};
		C0871C6F2805CF5600D29103 /* Release */ = {
			isa = XCBuildConfiguration;
			buildSettings = {
				ALWAYS_SEARCH_USER_PATHS = NO;
				CLANG_ANALYZER_NONNULL = YES;
				CLANG_ANALYZER_NUMBER_OBJECT_CONVERSION = YES_AGGRESSIVE;
				CLANG_CXX_LANGUAGE_STANDARD = "gnu++17";
				CLANG_CXX_LIBRARY = "libc++";
				CLANG_ENABLE_MODULES = YES;
				CLANG_ENABLE_OBJC_ARC = YES;
				CLANG_ENABLE_OBJC_WEAK = YES;
				CLANG_WARN_BLOCK_CAPTURE_AUTORELEASING = YES;
				CLANG_WARN_BOOL_CONVERSION = YES;
				CLANG_WARN_COMMA = YES;
				CLANG_WARN_CONSTANT_CONVERSION = YES;
				CLANG_WARN_DEPRECATED_OBJC_IMPLEMENTATIONS = YES;
				CLANG_WARN_DIRECT_OBJC_ISA_USAGE = YES_ERROR;
				CLANG_WARN_DOCUMENTATION_COMMENTS = YES;
				CLANG_WARN_EMPTY_BODY = YES;
				CLANG_WARN_ENUM_CONVERSION = YES;
				CLANG_WARN_INFINITE_RECURSION = YES;
				CLANG_WARN_INT_CONVERSION = YES;
				CLANG_WARN_NON_LITERAL_NULL_CONVERSION = YES;
				CLANG_WARN_OBJC_IMPLICIT_RETAIN_SELF = YES;
				CLANG_WARN_OBJC_LITERAL_CONVERSION = YES;
				CLANG_WARN_OBJC_ROOT_CLASS = YES_ERROR;
				CLANG_WARN_QUOTED_INCLUDE_IN_FRAMEWORK_HEADER = YES;
				CLANG_WARN_RANGE_LOOP_ANALYSIS = YES;
				CLANG_WARN_STRICT_PROTOTYPES = YES;
				CLANG_WARN_SUSPICIOUS_MOVE = YES;
				CLANG_WARN_UNGUARDED_AVAILABILITY = YES_AGGRESSIVE;
				CLANG_WARN_UNREACHABLE_CODE = YES;
				CLANG_WARN__DUPLICATE_METHOD_MATCH = YES;
				COPY_PHASE_STRIP = NO;
				DEBUG_INFORMATION_FORMAT = "dwarf-with-dsym";
				ENABLE_NS_ASSERTIONS = NO;
				ENABLE_STRICT_OBJC_MSGSEND = YES;
				GCC_C_LANGUAGE_STANDARD = gnu11;
				GCC_NO_COMMON_BLOCKS = YES;
				GCC_WARN_64_TO_32_BIT_CONVERSION = YES;
				GCC_WARN_ABOUT_RETURN_TYPE = YES_ERROR;
				GCC_WARN_UNDECLARED_SELECTOR = YES;
				GCC_WARN_UNINITIALIZED_AUTOS = YES_AGGRESSIVE;
				GCC_WARN_UNUSED_FUNCTION = YES;
				GCC_WARN_UNUSED_VARIABLE = YES;
				IPHONEOS_DEPLOYMENT_TARGET = 15.0;
				MTL_ENABLE_DEBUG_INFO = NO;
				MTL_FAST_MATH = YES;
				SDKROOT = iphoneos;
				SWIFT_COMPILATION_MODE = wholemodule;
				SWIFT_OPTIMIZATION_LEVEL = "-O";
				VALIDATE_PRODUCT = YES;
			};
			name = Release;
		};
		C0871C712805CF5600D29103 /* Debug */ = {
			isa = XCBuildConfiguration;
			baseConfigurationReference = 8B54F8B2EFC1DCE615B66920 /* Pods-MovieApp.debug.xcconfig */;
			buildSettings = {
				ASSETCATALOG_COMPILER_APPICON_NAME = AppIcon;
				ASSETCATALOG_COMPILER_GLOBAL_ACCENT_COLOR_NAME = AccentColor;
				CODE_SIGN_STYLE = Automatic;
				CURRENT_PROJECT_VERSION = 1;
				GENERATE_INFOPLIST_FILE = YES;
				INFOPLIST_FILE = MovieApp/Info.plist;
				INFOPLIST_KEY_UIApplicationSupportsIndirectInputEvents = YES;
				INFOPLIST_KEY_UILaunchStoryboardName = LaunchScreen;
				INFOPLIST_KEY_UIMainStoryboardFile = Main;
				INFOPLIST_KEY_UISupportedInterfaceOrientations_iPad = "UIInterfaceOrientationPortrait UIInterfaceOrientationPortraitUpsideDown UIInterfaceOrientationLandscapeLeft UIInterfaceOrientationLandscapeRight";
				INFOPLIST_KEY_UISupportedInterfaceOrientations_iPhone = "UIInterfaceOrientationPortrait UIInterfaceOrientationLandscapeLeft UIInterfaceOrientationLandscapeRight";
				LD_RUNPATH_SEARCH_PATHS = (
					"$(inherited)",
					"@executable_path/Frameworks",
				);
				MARKETING_VERSION = 1.0;
				PRODUCT_BUNDLE_IDENTIFIER = com.example.MovieApp;
				PRODUCT_NAME = "$(TARGET_NAME)";
				SWIFT_EMIT_LOC_STRINGS = YES;
				SWIFT_VERSION = 5.0;
				TARGETED_DEVICE_FAMILY = "1,2";
			};
			name = Debug;
		};
		C0871C722805CF5600D29103 /* Release */ = {
			isa = XCBuildConfiguration;
			baseConfigurationReference = 7AC3EC9B06DDA0D04E364D3C /* Pods-MovieApp.release.xcconfig */;
			buildSettings = {
				ASSETCATALOG_COMPILER_APPICON_NAME = AppIcon;
				ASSETCATALOG_COMPILER_GLOBAL_ACCENT_COLOR_NAME = AccentColor;
				CODE_SIGN_STYLE = Automatic;
				CURRENT_PROJECT_VERSION = 1;
				GENERATE_INFOPLIST_FILE = YES;
				INFOPLIST_FILE = MovieApp/Info.plist;
				INFOPLIST_KEY_UIApplicationSupportsIndirectInputEvents = YES;
				INFOPLIST_KEY_UILaunchStoryboardName = LaunchScreen;
				INFOPLIST_KEY_UIMainStoryboardFile = Main;
				INFOPLIST_KEY_UISupportedInterfaceOrientations_iPad = "UIInterfaceOrientationPortrait UIInterfaceOrientationPortraitUpsideDown UIInterfaceOrientationLandscapeLeft UIInterfaceOrientationLandscapeRight";
				INFOPLIST_KEY_UISupportedInterfaceOrientations_iPhone = "UIInterfaceOrientationPortrait UIInterfaceOrientationLandscapeLeft UIInterfaceOrientationLandscapeRight";
				LD_RUNPATH_SEARCH_PATHS = (
					"$(inherited)",
					"@executable_path/Frameworks",
				);
				MARKETING_VERSION = 1.0;
				PRODUCT_BUNDLE_IDENTIFIER = com.example.MovieApp;
				PRODUCT_NAME = "$(TARGET_NAME)";
				SWIFT_EMIT_LOC_STRINGS = YES;
				SWIFT_VERSION = 5.0;
				TARGETED_DEVICE_FAMILY = "1,2";
			};
			name = Release;
		};
		C0871C742805CF5600D29103 /* Debug */ = {
			isa = XCBuildConfiguration;
			baseConfigurationReference = 40B5AE72D100FD0E0685241B /* Pods-MovieAppTests.debug.xcconfig */;
			buildSettings = {
				ALWAYS_EMBED_SWIFT_STANDARD_LIBRARIES = YES;
				BUNDLE_LOADER = "$(TEST_HOST)";
				CLANG_ENABLE_MODULES = YES;
				CODE_SIGN_STYLE = Automatic;
				CURRENT_PROJECT_VERSION = 1;
				GENERATE_INFOPLIST_FILE = YES;
				IPHONEOS_DEPLOYMENT_TARGET = 15.0;
				LD_RUNPATH_SEARCH_PATHS = (
					"$(inherited)",
					"@executable_path/Frameworks",
					"@loader_path/Frameworks",
				);
				MARKETING_VERSION = 1.0;
				PRODUCT_BUNDLE_IDENTIFIER = com.example.MovieAppTests;
				PRODUCT_NAME = "$(TARGET_NAME)";
				SWIFT_EMIT_LOC_STRINGS = NO;
				SWIFT_OPTIMIZATION_LEVEL = "-Onone";
				SWIFT_VERSION = 5.0;
				TARGETED_DEVICE_FAMILY = "1,2";
				TEST_HOST = "$(BUILT_PRODUCTS_DIR)/MovieApp.app/MovieApp";
			};
			name = Debug;
		};
		C0871C752805CF5600D29103 /* Release */ = {
			isa = XCBuildConfiguration;
			baseConfigurationReference = F2AD3C1F5CDD9F0F534C5E9C /* Pods-MovieAppTests.release.xcconfig */;
			buildSettings = {
				ALWAYS_EMBED_SWIFT_STANDARD_LIBRARIES = YES;
				BUNDLE_LOADER = "$(TEST_HOST)";
				CLANG_ENABLE_MODULES = YES;
				CODE_SIGN_STYLE = Automatic;
				CURRENT_PROJECT_VERSION = 1;
				GENERATE_INFOPLIST_FILE = YES;
				IPHONEOS_DEPLOYMENT_TARGET = 15.0;
				LD_RUNPATH_SEARCH_PATHS = (
					"$(inherited)",
					"@executable_path/Frameworks",
					"@loader_path/Frameworks",
				);
				MARKETING_VERSION = 1.0;
				PRODUCT_BUNDLE_IDENTIFIER = com.example.MovieAppTests;
				PRODUCT_NAME = "$(TARGET_NAME)";
				SWIFT_EMIT_LOC_STRINGS = NO;
				SWIFT_VERSION = 5.0;
				TARGETED_DEVICE_FAMILY = "1,2";
				TEST_HOST = "$(BUILT_PRODUCTS_DIR)/MovieApp.app/MovieApp";
			};
			name = Release;
		};
		C0871C772805CF5600D29103 /* Debug */ = {
			isa = XCBuildConfiguration;
			baseConfigurationReference = B59599DDBA5C148D8B206AF9 /* Pods-MovieApp-MovieAppUITests.debug.xcconfig */;
			buildSettings = {
				ALWAYS_EMBED_SWIFT_STANDARD_LIBRARIES = YES;
				CODE_SIGN_STYLE = Automatic;
				CURRENT_PROJECT_VERSION = 1;
				GENERATE_INFOPLIST_FILE = YES;
				LD_RUNPATH_SEARCH_PATHS = (
					"$(inherited)",
					"@executable_path/Frameworks",
					"@loader_path/Frameworks",
				);
				MARKETING_VERSION = 1.0;
				PRODUCT_BUNDLE_IDENTIFIER = com.example.MovieAppUITests;
				PRODUCT_NAME = "$(TARGET_NAME)";
				SWIFT_EMIT_LOC_STRINGS = NO;
				SWIFT_VERSION = 5.0;
				TARGETED_DEVICE_FAMILY = "1,2";
				TEST_TARGET_NAME = MovieApp;
			};
			name = Debug;
		};
		C0871C782805CF5600D29103 /* Release */ = {
			isa = XCBuildConfiguration;
			baseConfigurationReference = 71B2002110E76E0279C84708 /* Pods-MovieApp-MovieAppUITests.release.xcconfig */;
			buildSettings = {
				ALWAYS_EMBED_SWIFT_STANDARD_LIBRARIES = YES;
				CODE_SIGN_STYLE = Automatic;
				CURRENT_PROJECT_VERSION = 1;
				GENERATE_INFOPLIST_FILE = YES;
				LD_RUNPATH_SEARCH_PATHS = (
					"$(inherited)",
					"@executable_path/Frameworks",
					"@loader_path/Frameworks",
				);
				MARKETING_VERSION = 1.0;
				PRODUCT_BUNDLE_IDENTIFIER = com.example.MovieAppUITests;
				PRODUCT_NAME = "$(TARGET_NAME)";
				SWIFT_EMIT_LOC_STRINGS = NO;
				SWIFT_VERSION = 5.0;
				TARGETED_DEVICE_FAMILY = "1,2";
				TEST_TARGET_NAME = MovieApp;
			};
			name = Release;
		};
/* End XCBuildConfiguration section */

/* Begin XCConfigurationList section */
		C0871C412805CF4E00D29103 /* Build configuration list for PBXProject "MovieApp" */ = {
			isa = XCConfigurationList;
			buildConfigurations = (
				C0871C6E2805CF5600D29103 /* Debug */,
				C0871C6F2805CF5600D29103 /* Release */,
			);
			defaultConfigurationIsVisible = 0;
			defaultConfigurationName = Release;
		};
		C0871C702805CF5600D29103 /* Build configuration list for PBXNativeTarget "MovieApp" */ = {
			isa = XCConfigurationList;
			buildConfigurations = (
				C0871C712805CF5600D29103 /* Debug */,
				C0871C722805CF5600D29103 /* Release */,
			);
			defaultConfigurationIsVisible = 0;
			defaultConfigurationName = Release;
		};
		C0871C732805CF5600D29103 /* Build configuration list for PBXNativeTarget "MovieAppTests" */ = {
			isa = XCConfigurationList;
			buildConfigurations = (
				C0871C742805CF5600D29103 /* Debug */,
				C0871C752805CF5600D29103 /* Release */,
			);
			defaultConfigurationIsVisible = 0;
			defaultConfigurationName = Release;
		};
		C0871C762805CF5600D29103 /* Build configuration list for PBXNativeTarget "MovieAppUITests" */ = {
			isa = XCConfigurationList;
			buildConfigurations = (
				C0871C772805CF5600D29103 /* Debug */,
				C0871C782805CF5600D29103 /* Release */,
			);
			defaultConfigurationIsVisible = 0;
			defaultConfigurationName = Release;
		};
/* End XCConfigurationList section */
	};
	rootObject = C0871C3E2805CF4E00D29103 /* Project object */;
}
